github.com/golang-jwt/jwt v3.2.2+incompatible h1:IfV12K8xAKAnZqdXVzCZ+TOjboZ2keLg81eXfW3O+oY=
github.com/golang-jwt/jwt v3.2.2+incompatible/go.mod h1:8pz2t5EyA70fFQQSrl6XZXzqecmYZeUEB8OUGHkxJ+I=
github.com/google/uuid v1.6.0 h1:NIvaJDMOsjHA8n1jAhLSgzrAzy1Hgr+hNrb57e+94F0=
github.com/google/uuid v1.6.0/go.mod h1:TIyPZe4MgqvfeYDBFedMoGGpEw/LqOeaOT+nhxU+yHo=
github.com/lib/pq v1.10.9 h1:YXG7RB+JIjhP29X+OtkiDnYaXQwpS4JEWq7dtCCRUEw=
github.com/lib/pq v1.10.9/go.mod h1:AlVN5x4E4T544tWzH6hKfbfQvm3HdbOxrmggDNAPY9o=
github.com/rohithputha/DepReq v0.0.1 h1:XH7F5cfw5BCReE3lVJxxAapxWUQfp5xXz0DAWSJR8+o=
github.com/rohithputha/DepReq v0.0.1/go.mod h1:QIgwB01i7lat6o78lVW6pQ2z82SNWMyQeK7oGT93Uo4=
github.com/rohithputha/DepReq v0.0.2-0.20240619142241-d0dfb912921a h1:+nmDUASFbDCeH9uZinnZ76tW5+IGfj1MuwDy8eJAmU0=
github.com/rohithputha/DepReq v0.0.2-0.20240619142241-d0dfb912921a/go.mod h1:QIgwB01i7lat6o78lVW6pQ2z82SNWMyQeK7oGT93Uo4=
github.com/rohithputha/DepReq v0.0.2-0.20240619161722-ea6d6fab205b h1:NuvOccEf3Iq4m3b27/jIENto2OzcP09TntgBdW5HFao=
github.com/rohithputha/DepReq v0.0.2-0.20240619161722-ea6d6fab205b/go.mod h1:QIgwB01i7lat6o78lVW6pQ2z82SNWMyQeK7oGT93Uo4=
golang.org/x/crypto v0.24.0 h1:mnl8DM0o513X8fdIkmyFE/5hTYxbwYOjDS/+rK6qpRI=
golang.org/x/crypto v0.24.0/go.mod h1:Z1PMYSOR5nyMcyAVAIQSKCDwalqy85Aqn1x3Ws4L5DM=
golang.org/x/net v0.21.0 h1:AQyQV4dYCvJ7vGmJyKki9+PBdyvhkSd8EIx/qb0AYv4=
golang.org/x/net v0.21.0/go.mod h1:bIjVDfnllIU7BJ2DNgfnXvpSvtn8VRwhlsaeUTyUS44=
golang.org/x/text v0.16.0 h1:a94ExnEXNtEwYLGJSIUxnWoxoRz/ZcCsV63ROupILh4=
golang.org/x/text v0.16.0/go.mod h1:GhwF1Be+LQoKShO3cGOHzqOgRrGaYc9AvblQOmPVHnI=
